
Microsoft Visual Studio Solution File, Format Version 12.00
# Visual Studio Version 16
VisualStudioVersion = 16.0.29728.190
MinimumVisualStudioVersion = 10.0.40219.1
Project("{9A19103F-16F7-4668-BE54-9A1E7A4F7556}") = "WebServiceHelper", "WebServiceHelper\WebServiceHelper.csproj", "{816D20E2-9AA8-40C7-878B-1CE08591BFC7}"
EndProject
Project("{FAE04EC0-301F-11D3-BF4B-00C04F79EFBC}") = "Infrastructure", "Infrastructure\Infrastructure.csproj", "{7608F434-17D3-4EE3-8121-8D025BCA7315}"
EndProject
Project("{FAE04EC0-301F-11D3-BF4B-00C04F79EFBC}") = "Core", "Core\Core.csproj", "{074DCA5D-7415-46DF-B809-E66D471D9299}"
EndProject
Project("{FAE04EC0-301F-11D3-BF4B-00C04F79EFBC}") = "Domain", "Domain\Domain.csproj", "{65E94858-001C-466B-85E5-C739618024D0}"
EndProject
Project("{FAE04EC0-301F-11D3-BF4B-00C04F79EFBC}") = "Utils", "Utils\Utils.csproj", "{90531F30-304B-4980-8352-209F67F77205}"
EndProject
Global
	GlobalSection(SolutionConfigurationPlatforms) = preSolution
		Debug|Any CPU = Debug|Any CPU
		Release|Any CPU = Release|Any CPU
	EndGlobalSection
	GlobalSection(ProjectConfigurationPlatforms) = postSolution
		{816D20E2-9AA8-40C7-878B-1CE08591BFC7}.Debug|Any CPU.ActiveCfg = Debug|Any CPU
		{816D20E2-9AA8-40C7-878B-1CE08591BFC7}.Debug|Any CPU.Build.0 = Debug|Any CPU
		{816D20E2-9AA8-40C7-878B-1CE08591BFC7}.Release|Any CPU.ActiveCfg = Release|Any CPU
		{816D20E2-9AA8-40C7-878B-1CE08591BFC7}.Release|Any CPU.Build.0 = Release|Any CPU
		{7608F434-17D3-4EE3-8121-8D025BCA7315}.Debug|Any CPU.ActiveCfg = Debug|Any CPU
		{7608F434-17D3-4EE3-8121-8D025BCA7315}.Debug|Any CPU.Build.0 = Debug|Any CPU
		{7608F434-17D3-4EE3-8121-8D025BCA7315}.Release|Any CPU.ActiveCfg = Release|Any CPU
		{7608F434-17D3-4EE3-8121-8D025BCA7315}.Release|Any CPU.Build.0 = Release|Any CPU
		{074DCA5D-7415-46DF-B809-E66D471D9299}.Debug|Any CPU.ActiveCfg = Debug|Any CPU
		{074DCA5D-7415-46DF-B809-E66D471D9299}.Debug|Any CPU.Build.0 = Debug|Any CPU
		{074DCA5D-7415-46DF-B809-E66D471D9299}.Release|Any CPU.ActiveCfg = Release|Any CPU
		{074DCA5D-7415-46DF-B809-E66D471D9299}.Release|Any CPU.Build.0 = Release|Any CPU
		{65E94858-001C-466B-85E5-C739618024D0}.Debug|Any CPU.ActiveCfg = Debug|Any CPU
		{65E94858-001C-466B-85E5-C739618024D0}.Debug|Any CPU.Build.0 = Debug|Any CPU
		{65E94858-001C-466B-85E5-C739618024D0}.Release|Any CPU.ActiveCfg = Release|Any CPU
		{65E94858-001C-466B-85E5-C739618024D0}.Release|Any CPU.Build.0 = Release|Any CPU
		{90531F30-304B-4980-8352-209F67F77205}.Debug|Any CPU.ActiveCfg = Debug|Any CPU
		{90531F30-304B-4980-8352-209F67F77205}.Debug|Any CPU.Build.0 = Debug|Any CPU
		{90531F30-304B-4980-8352-209F67F77205}.Release|Any CPU.ActiveCfg = Release|Any CPU
		{90531F30-304B-4980-8352-209F67F77205}.Release|Any CPU.Build.0 = Release|Any CPU
	EndGlobalSection
	GlobalSection(SolutionProperties) = preSolution
		HideSolutionNode = FALSE
	EndGlobalSection
	GlobalSection(ExtensibilityGlobals) = postSolution
		SolutionGuid = {906C4564-2898-49FA-9ED7-0A5F2E93D0A5}
	EndGlobalSection
EndGlobal
