
Microsoft Visual Studio Solution File, Format Version 12.00
# Visual Studio Version 16
VisualStudioVersion = 16.0.29728.190
MinimumVisualStudioVersion = 10.0.40219.1
Project("{FAE04EC0-301F-11D3-BF4B-00C04F79EFBC}") = "WebServiceHelper", "WebServiceHelper\WebServiceHelper.csproj", "{816D20E2-9AA8-40C7-878B-1CE08591BFC7}"
EndProject
Global
	GlobalSection(SolutionConfigurationPlatforms) = preSolution
		Debug|Any CPU = Debug|Any CPU
		Release|Any CPU = Release|Any CPU
	EndGlobalSection
	GlobalSection(ProjectConfigurationPlatforms) = postSolution
		{816D20E2-9AA8-40C7-878B-1CE08591BFC7}.Debug|Any CPU.ActiveCfg = Debug|Any CPU
		{816D20E2-9AA8-40C7-878B-1CE08591BFC7}.Debug|Any CPU.Build.0 = Debug|Any CPU
		{816D20E2-9AA8-40C7-878B-1CE08591BFC7}.Release|Any CPU.ActiveCfg = Release|Any CPU
		{816D20E2-9AA8-40C7-878B-1CE08591BFC7}.Release|Any CPU.Build.0 = Release|Any CPU
	EndGlobalSection
	GlobalSection(SolutionProperties) = preSolution
		HideSolutionNode = FALSE
	EndGlobalSection
	GlobalSection(ExtensibilityGlobals) = postSolution
		SolutionGuid = {906C4564-2898-49FA-9ED7-0A5F2E93D0A5}
	EndGlobalSection
EndGlobal
